{
  "nodes": {
    "nixpkgs": {
      "locked": {
        "lastModified": 1682538316,
        "narHash": "sha256-YuHgVsR7S9zxJWHo7lo2ugd+uDC4ESWg1hA4bEZQv3Y=",
        "owner": "nixos",
        "repo": "nixpkgs",
        "rev": "15b75800dce80225b44f067c9012b09de37dfad2",
        "type": "github"
      },
      "original": {
        "owner": "nixos",
        "ref": "nixos-22.11",
        "repo": "nixpkgs",
        "type": "github"
      }
    },
    "root": {
      "inputs": {
        "nixpkgs": "nixpkgs"
      }
    }
  },
  "root": "root",
  "version": 7
}
